
Microsoft Visual Studio Solution File, Format Version 12.00
# Visual Studio for Mac
Project("{FAE04EC0-301F-11D3-BF4B-00C04F79EFBC}") = "VuforiaScripts", "VuforiaScripts.csproj", "{75C96299-9664-1714-FB58-0B27C2E5C9F3}"
EndProject
Project("{FAE04EC0-301F-11D3-BF4B-00C04F79EFBC}") = "VuforiaEditorScripts", "VuforiaEditorScripts.csproj", "{95231B7B-C8AE-15D9-DF67-244003CBCD77}"
EndProject
Global
	GlobalSection(SolutionConfigurationPlatforms) = preSolution
		Debug|Any CPU = Debug|Any CPU
		Release|Any CPU = Release|Any CPU
	EndGlobalSection
	GlobalSection(ProjectConfigurationPlatforms) = postSolution
		{75C96299-9664-1714-FB58-0B27C2E5C9F3}.Debug|Any CPU.ActiveCfg = Debug|Any CPU
		{75C96299-9664-1714-FB58-0B27C2E5C9F3}.Debug|Any CPU.Build.0 = Debug|Any CPU
		{75C96299-9664-1714-FB58-0B27C2E5C9F3}.Release|Any CPU.ActiveCfg = Release|Any CPU
		{75C96299-9664-1714-FB58-0B27C2E5C9F3}.Release|Any CPU.Build.0 = Release|Any CPU
		{95231B7B-C8AE-15D9-DF67-244003CBCD77}.Debug|Any CPU.ActiveCfg = Debug|Any CPU
		{95231B7B-C8AE-15D9-DF67-244003CBCD77}.Debug|Any CPU.Build.0 = Debug|Any CPU
		{95231B7B-C8AE-15D9-DF67-244003CBCD77}.Release|Any CPU.ActiveCfg = Release|Any CPU
		{95231B7B-C8AE-15D9-DF67-244003CBCD77}.Release|Any CPU.Build.0 = Release|Any CPU
	EndGlobalSection
	GlobalSection(SolutionProperties) = preSolution
		HideSolutionNode = FALSE
	EndGlobalSection
EndGlobal
